// !$*UTF8*$!
{
	archiveVersion = 1;
	classes = {
	};
	objectVersion = 46;
	objects = {

/* Begin PBXBuildFile section */
		721E04EB19A1B99A00CB387A /* Foundation.framework in Frameworks */ = {isa = PBXBuildFile; fileRef = 721E04EA19A1B99A00CB387A /* Foundation.framework */; };
		721E04EE19A1B99A00CB387A /* main.m in Sources */ = {isa = PBXBuildFile; fileRef = 721E04ED19A1B99A00CB387A /* main.m */; };
		721E04F219A1B99A00CB387A /* product1.1 in CopyFiles */ = {isa = PBXBuildFile; fileRef = 721E04F119A1B99A00CB387A /* product1.1 */; };
		721E04FA19A1B9B600CB387A /* values.m in Sources */ = {isa = PBXBuildFile; fileRef = 721E04F919A1B9B600CB387A /* values.m */; };
/* End PBXBuildFile section */

/* Begin PBXCopyFilesBuildPhase section */
		721E04E519A1B99A00CB387A /* CopyFiles */ = {
			isa = PBXCopyFilesBuildPhase;
			buildActionMask = 2147483647;
			dstPath = /usr/share/man/man1/;
			dstSubfolderSpec = 0;
			files = (
				721E04F219A1B99A00CB387A /* product1.1 in CopyFiles */,
			);
			runOnlyForDeploymentPostprocessing = 1;
		};
/* End PBXCopyFilesBuildPhase section */

/* Begin PBXFileReference section */
		721E04E719A1B99A00CB387A /* product1 */ = {isa = PBXFileReference; explicitFileType = "compiled.mach-o.executable"; includeInIndex = 0; path = product1; sourceTree = BUILT_PRODUCTS_DIR; };
		721E04EA19A1B99A00CB387A /* Foundation.framework */ = {isa = PBXFileReference; lastKnownFileType = wrapper.framework; name = Foundation.framework; path = System/Library/Frameworks/Foundation.framework; sourceTree = SDKROOT; };
		721E04ED19A1B99A00CB387A /* main.m */ = {isa = PBXFileReference; lastKnownFileType = sourcecode.c.objc; path = main.m; sourceTree = "<group>"; };
		721E04F019A1B99A00CB387A /* product1-Prefix.pch */ = {isa = PBXFileReference; lastKnownFileType = sourcecode.c.h; path = "product1-Prefix.pch"; sourceTree = "<group>"; };
		721E04F119A1B99A00CB387A /* product1.1 */ = {isa = PBXFileReference; lastKnownFileType = text.man; path = product1.1; sourceTree = "<group>"; };
		721E04F819A1B9B600CB387A /* values.h */ = {isa = PBXFileReference; fileEncoding = 4; lastKnownFileType = sourcecode.c.h; path = values.h; sourceTree = "<group>"; };
		721E04F919A1B9B600CB387A /* values.m */ = {isa = PBXFileReference; fileEncoding = 4; lastKnownFileType = sourcecode.c.objc; path = values.m; sourceTree = "<group>"; };
/* End PBXFileReference section */

/* Begin PBXFrameworksBuildPhase section */
		721E04E419A1B99A00CB387A /* Frameworks */ = {
			isa = PBXFrameworksBuildPhase;
			buildActionMask = 2147483647;
			files = (
				721E04EB19A1B99A00CB387A /* Foundation.framework in Frameworks */,
			);
			runOnlyForDeploymentPostprocessing = 0;
		};
/* End PBXFrameworksBuildPhase section */

/* Begin PBXGroup section */
		721E04DE19A1B99A00CB387A = {
			isa = PBXGroup;
			children = (
				721E04EC19A1B99A00CB387A /* product1 */,
				721E04E919A1B99A00CB387A /* Frameworks */,
				721E04E819A1B99A00CB387A /* Products */,
			);
			sourceTree = "<group>";
		};
		721E04E819A1B99A00CB387A /* Products */ = {
			isa = PBXGroup;
			children = (
				721E04E719A1B99A00CB387A /* product1 */,
			);
			name = Products;
			sourceTree = "<group>";
		};
		721E04E919A1B99A00CB387A /* Frameworks */ = {
			isa = PBXGroup;
			children = (
				721E04EA19A1B99A00CB387A /* Foundation.framework */,
			);
			name = Frameworks;
			sourceTree = "<group>";
		};
		721E04EC19A1B99A00CB387A /* product1 */ = {
			isa = PBXGroup;
			children = (
				721E04ED19A1B99A00CB387A /* main.m */,
				721E04F819A1B9B600CB387A /* values.h */,
				721E04F919A1B9B600CB387A /* values.m */,
				721E04F119A1B99A00CB387A /* product1.1 */,
				721E04EF19A1B99A00CB387A /* Supporting Files */,
			);
			path = product1;
			sourceTree = "<group>";
		};
		721E04EF19A1B99A00CB387A /* Supporting Files */ = {
			isa = PBXGroup;
			children = (
				721E04F019A1B99A00CB387A /* product1-Prefix.pch */,
			);
			name = "Supporting Files";
			sourceTree = "<group>";
		};
/* End PBXGroup section */

/* Begin PBXNativeTarget section */
		721E04E619A1B99A00CB387A /* product1 */ = {
			isa = PBXNativeTarget;
			buildConfigurationList = 721E04F519A1B99A00CB387A /* Build configuration list for PBXNativeTarget "product1" */;
			buildPhases = (
				721E04E319A1B99A00CB387A /* Sources */,
				721E04E419A1B99A00CB387A /* Frameworks */,
				721E04E519A1B99A00CB387A /* CopyFiles */,
			);
			buildRules = (
			);
			dependencies = (
			);
			name = product1;
			productName = product1;
			productReference = 721E04E719A1B99A00CB387A /* product1 */;
			productType = "com.apple.product-type.tool";
		};
/* End PBXNativeTarget section */

/* Begin PBXProject section */
		721E04DF19A1B99A00CB387A /* Project object */ = {
			isa = PBXProject;
			attributes = {
				LastUpgradeCheck = 0510;
				ORGANIZATIONNAME = "peer mohamed thabib";
			};
			buildConfigurationList = 721E04E219A1B99A00CB387A /* Build configuration list for PBXProject "product1" */;
			compatibilityVersion = "Xcode 3.2";
			developmentRegion = English;
			hasScannedForEncodings = 0;
			knownRegions = (
				en,
			);
			mainGroup = 721E04DE19A1B99A00CB387A;
			productRefGroup = 721E04E819A1B99A00CB387A /* Products */;
			projectDirPath = "";
			projectRoot = "";
			targets = (
				721E04E619A1B99A00CB387A /* product1 */,
			);
		};
/* End PBXProject section */

/* Begin PBXSourcesBuildPhase section */
		721E04E319A1B99A00CB387A /* Sources */ = {
			isa = PBXSourcesBuildPhase;
			buildActionMask = 2147483647;
			files = (
				721E04EE19A1B99A00CB387A /* main.m in Sources */,
				721E04FA19A1B9B600CB387A /* values.m in Sources */,
			);
			runOnlyForDeploymentPostprocessing = 0;
		};
/* End PBXSourcesBuildPhase section */

/* Begin XCBuildConfiguration section */
		721E04F319A1B99A00CB387A /* Debug */ = {
			isa = XCBuildConfiguration;
			buildSettings = {
				ALWAYS_SEARCH_USER_PATHS = NO;
				CLANG_CXX_LANGUAGE_STANDARD = "gnu++0x";
				CLANG_CXX_LIBRARY = "libc++";
				CLANG_ENABLE_MODULES = YES;
				CLANG_ENABLE_OBJC_ARC = YES;
				CLANG_WARN_BOOL_CONVERSION = YES;
				CLANG_WARN_CONSTANT_CONVERSION = YES;
				CLANG_WARN_DIRECT_OBJC_ISA_USAGE = YES_ERROR;
				CLANG_WARN_EMPTY_BODY = YES;
				CLANG_WARN_ENUM_CONVERSION = YES;
				CLANG_WARN_INT_CONVERSION = YES;
				CLANG_WARN_OBJC_ROOT_CLASS = YES_ERROR;
				CLANG_WARN__DUPLICATE_METHOD_MATCH = YES;
				COPY_PHASE_STRIP = NO;
				GCC_C_LANGUAGE_STANDARD = gnu99;
				GCC_DYNAMIC_NO_PIC = NO;
				GCC_ENABLE_OBJC_EXCEPTIONS = YES;
				GCC_OPTIMIZATION_LEVEL = 0;
				GCC_PREPROCESSOR_DEFINITIONS = (
					"DEBUG=1",
					"$(inherited)",
				);
				GCC_SYMBOLS_PRIVATE_EXTERN = NO;
				GCC_WARN_64_TO_32_BIT_CONVERSION = YES;
				GCC_WARN_ABOUT_RETURN_TYPE = YES_ERROR;
				GCC_WARN_UNDECLARED_SELECTOR = YES;
				GCC_WARN_UNINITIALIZED_AUTOS = YES_AGGRESSIVE;
				GCC_WARN_UNUSED_FUNCTION = YES;
				GCC_WARN_UNUSED_VARIABLE = YES;
				MACOSX_DEPLOYMENT_TARGET = 10.9;
				ONLY_ACTIVE_ARCH = YES;
				SDKROOT = macosx;
			};
			name = Debug;
		};
		721E04F419A1B99A00CB387A /* Release */ = {
			isa = XCBuildConfiguration;
			buildSettings = {
				ALWAYS_SEARCH_USER_PATHS = NO;
				CLANG_CXX_LANGUAGE_STANDARD = "gnu++0x";
				CLANG_CXX_LIBRARY = "libc++";
				CLANG_ENABLE_MODULES = YES;
				CLANG_ENABLE_OBJC_ARC = YES;
				CLANG_WARN_BOOL_CONVERSION = YES;
				CLANG_WARN_CONSTANT_CONVERSION = YES;
				CLANG_WARN_DIRECT_OBJC_ISA_USAGE = YES_ERROR;
				CLANG_WARN_EMPTY_BODY = YES;
				CLANG_WARN_ENUM_CONVERSION = YES;
				CLANG_WARN_INT_CONVERSION = YES;
				CLANG_WARN_OBJC_ROOT_CLASS = YES_ERROR;
				CLANG_WARN__DUPLICATE_METHOD_MATCH = YES;
				COPY_PHASE_STRIP = YES;
				DEBUG_INFORMATION_FORMAT = "dwarf-with-dsym";
				ENABLE_NS_ASSERTIONS = NO;
				GCC_C_LANGUAGE_STANDARD = gnu99;
				GCC_ENABLE_OBJC_EXCEPTIONS = YES;
				GCC_WARN_64_TO_32_BIT_CONVERSION = YES;
				GCC_WARN_ABOUT_RETURN_TYPE = YES_ERROR;
				GCC_WARN_UNDECLARED_SELECTOR = YES;
				GCC_WARN_UNINITIALIZED_AUTOS = YES_AGGRESSIVE;
				GCC_WARN_UNUSED_FUNCTION = YES;
				GCC_WARN_UNUSED_VARIABLE = YES;
				MACOSX_DEPLOYMENT_TARGET = 10.9;
				SDKROOT = macosx;
			};
			name = Release;
		};
		721E04F619A1B99A00CB387A /* Debug */ = {
			isa = XCBuildConfiguration;
			buildSettings = {
				GCC_PRECOMPILE_PREFIX_HEADER = YES;
				GCC_PREFIX_HEADER = "product1/product1-Prefix.pch";
				PRODUCT_NAME = "$(TARGET_NAME)";
			};
			name = Debug;
		};
		721E04F719A1B99A00CB387A /* Release */ = {
			isa = XCBuildConfiguration;
			buildSettings = {
				GCC_PRECOMPILE_PREFIX_HEADER = YES;
				GCC_PREFIX_HEADER = "product1/product1-Prefix.pch";
				PRODUCT_NAME = "$(TARGET_NAME)";
			};
			name = Release;
		};
/* End XCBuildConfiguration section */

/* Begin XCConfigurationList section */
		721E04E219A1B99A00CB387A /* Build configuration list for PBXProject "product1" */ = {
			isa = XCConfigurationList;
			buildConfigurations = (
				721E04F319A1B99A00CB387A /* Debug */,
				721E04F419A1B99A00CB387A /* Release */,
			);
			defaultConfigurationIsVisible = 0;
			defaultConfigurationName = Release;
		};
		721E04F519A1B99A00CB387A /* Build configuration list for PBXNativeTarget "product1" */ = {
			isa = XCConfigurationList;
			buildConfigurations = (
				721E04F619A1B99A00CB387A /* Debug */,
				721E04F719A1B99A00CB387A /* Release */,
			);
			defaultConfigurationIsVisible = 0;
		};
/* End XCConfigurationList section */
	};
	rootObject = 721E04DF19A1B99A00CB387A /* Project object */;
}
